
Microsoft Visual Studio Solution File, Format Version 12.00
# Visual Studio Version 17
VisualStudioVersion = 17.3.32819.101
MinimumVisualStudioVersion = 10.0.40219.1
Project("{FAE04EC0-301F-11D3-BF4B-00C04F79EFBC}") = "JuliaEf", "JuliaEf\JuliaEf.csproj", "{6457C34C-0B21-4DD9-A992-5444825E76EB}"
EndProject
Global
	GlobalSection(SolutionConfigurationPlatforms) = preSolution
		Debug|Any CPU = Debug|Any CPU
		Release|Any CPU = Release|Any CPU
	EndGlobalSection
	GlobalSection(ProjectConfigurationPlatforms) = postSolution
		{6457C34C-0B21-4DD9-A992-5444825E76EB}.Debug|Any CPU.ActiveCfg = Debug|Any CPU
		{6457C34C-0B21-4DD9-A992-5444825E76EB}.Debug|Any CPU.Build.0 = Debug|Any CPU
		{6457C34C-0B21-4DD9-A992-5444825E76EB}.Release|Any CPU.ActiveCfg = Release|Any CPU
		{6457C34C-0B21-4DD9-A992-5444825E76EB}.Release|Any CPU.Build.0 = Release|Any CPU
	EndGlobalSection
	GlobalSection(SolutionProperties) = preSolution
		HideSolutionNode = FALSE
	EndGlobalSection
	GlobalSection(ExtensibilityGlobals) = postSolution
		SolutionGuid = {D49F255D-160C-4DC0-8F1D-FABEB4E862A3}
	EndGlobalSection
EndGlobal
